{
  "name": "@pigalle/core.base.error",
  "version": "0.1.0-alpha1",
  "lockfileVersion": 1,
  "requires": true,
  "dependencies": {
    "es6-error": {
      "version": "4.1.1",
      "resolved": "https://registry.npmjs.org/es6-error/-/es6-error-4.1.1.tgz",
      "integrity": "sha512-Um/+FxMr9CISWh0bi5Zv0iOD+4cFh5qLeks1qhAopKVAJw3drgKbKySikp7wGhDL0HPeaja0P5ULZrxLkniUVg=="
    }
  }
}
